
Microsoft Visual Studio Solution File, Format Version 12.00
# Visual Studio Version 16
VisualStudioVersion = 16.0.30320.27
MinimumVisualStudioVersion = 10.0.40219.1
Project("{9A19103F-16F7-4668-BE54-9A1E7A4F7556}") = "NHKey", "..\NHKey\NHKey.csproj", "{3D048298-A6EC-40F6-BCBC-2FB7C0EC17E7}"
EndProject
Project("{9A19103F-16F7-4668-BE54-9A1E7A4F7556}") = "NHotKeyLib", "..\NHotKeyLib\NHotKeyLib.csproj", "{C4D05165-D5F4-4C12-9FC0-91EC391B1E6B}"
EndProject
Project("{9A19103F-16F7-4668-BE54-9A1E7A4F7556}") = "NHotKeyLib.Tests", "..\NHotKeyLib.Tests\NHotKeyLib.Tests.csproj", "{7FB65245-B2CE-406C-98AD-9C4A6AC59D45}"
EndProject
Global
	GlobalSection(SolutionConfigurationPlatforms) = preSolution
		Debug|Any CPU = Debug|Any CPU
		Release|Any CPU = Release|Any CPU
	EndGlobalSection
	GlobalSection(ProjectConfigurationPlatforms) = postSolution
		{3D048298-A6EC-40F6-BCBC-2FB7C0EC17E7}.Debug|Any CPU.ActiveCfg = Debug|Any CPU
		{3D048298-A6EC-40F6-BCBC-2FB7C0EC17E7}.Debug|Any CPU.Build.0 = Debug|Any CPU
		{3D048298-A6EC-40F6-BCBC-2FB7C0EC17E7}.Release|Any CPU.ActiveCfg = Release|Any CPU
		{3D048298-A6EC-40F6-BCBC-2FB7C0EC17E7}.Release|Any CPU.Build.0 = Release|Any CPU
		{C4D05165-D5F4-4C12-9FC0-91EC391B1E6B}.Debug|Any CPU.ActiveCfg = Debug|Any CPU
		{C4D05165-D5F4-4C12-9FC0-91EC391B1E6B}.Debug|Any CPU.Build.0 = Debug|Any CPU
		{C4D05165-D5F4-4C12-9FC0-91EC391B1E6B}.Release|Any CPU.ActiveCfg = Release|Any CPU
		{C4D05165-D5F4-4C12-9FC0-91EC391B1E6B}.Release|Any CPU.Build.0 = Release|Any CPU
		{7FB65245-B2CE-406C-98AD-9C4A6AC59D45}.Debug|Any CPU.ActiveCfg = Debug|Any CPU
		{7FB65245-B2CE-406C-98AD-9C4A6AC59D45}.Debug|Any CPU.Build.0 = Debug|Any CPU
		{7FB65245-B2CE-406C-98AD-9C4A6AC59D45}.Release|Any CPU.ActiveCfg = Release|Any CPU
		{7FB65245-B2CE-406C-98AD-9C4A6AC59D45}.Release|Any CPU.Build.0 = Release|Any CPU
	EndGlobalSection
	GlobalSection(SolutionProperties) = preSolution
		HideSolutionNode = FALSE
	EndGlobalSection
	GlobalSection(ExtensibilityGlobals) = postSolution
		SolutionGuid = {59F8A69A-5204-4654-AC20-A15DF79241BB}
	EndGlobalSection
EndGlobal
